
Microsoft Visual Studio Solution File, Format Version 12.00
# Visual Studio Version 16
VisualStudioVersion = 16.0.33027.164
MinimumVisualStudioVersion = 10.0.40219.1
Project("{FAE04EC0-301F-11D3-BF4B-00C04F79EFBC}") = "CsharpW5lab9", "CsharpW5lab9\CsharpW5lab9.csproj", "{EE35B0C7-FF47-4650-88E7-EB8063417EB5}"
EndProject
Global
	GlobalSection(SolutionConfigurationPlatforms) = preSolution
		Debug|Any CPU = Debug|Any CPU
		Release|Any CPU = Release|Any CPU
	EndGlobalSection
	GlobalSection(ProjectConfigurationPlatforms) = postSolution
		{EE35B0C7-FF47-4650-88E7-EB8063417EB5}.Debug|Any CPU.ActiveCfg = Debug|Any CPU
		{EE35B0C7-FF47-4650-88E7-EB8063417EB5}.Debug|Any CPU.Build.0 = Debug|Any CPU
		{EE35B0C7-FF47-4650-88E7-EB8063417EB5}.Release|Any CPU.ActiveCfg = Release|Any CPU
		{EE35B0C7-FF47-4650-88E7-EB8063417EB5}.Release|Any CPU.Build.0 = Release|Any CPU
	EndGlobalSection
	GlobalSection(SolutionProperties) = preSolution
		HideSolutionNode = FALSE
	EndGlobalSection
	GlobalSection(ExtensibilityGlobals) = postSolution
		SolutionGuid = {2FCB87A5-333A-4DAE-A23C-EA8D667B98AC}
	EndGlobalSection
EndGlobal
